
Microsoft Visual Studio Solution File, Format Version 12.00
# Visual Studio Version 16
VisualStudioVersion = 16.0.34601.136
MinimumVisualStudioVersion = 10.0.40219.1
Project("{FAE04EC0-301F-11D3-BF4B-00C04F79EFBC}") = "CALCULATOR", "CALCULATOR\CALCULATOR.csproj", "{52D8A3FB-FE31-4529-AC0F-99DF2769207D}"
EndProject
Global
	GlobalSection(SolutionConfigurationPlatforms) = preSolution
		Debug|Any CPU = Debug|Any CPU
		Release|Any CPU = Release|Any CPU
	EndGlobalSection
	GlobalSection(ProjectConfigurationPlatforms) = postSolution
		{52D8A3FB-FE31-4529-AC0F-99DF2769207D}.Debug|Any CPU.ActiveCfg = Debug|Any CPU
		{52D8A3FB-FE31-4529-AC0F-99DF2769207D}.Debug|Any CPU.Build.0 = Debug|Any CPU
		{52D8A3FB-FE31-4529-AC0F-99DF2769207D}.Release|Any CPU.ActiveCfg = Release|Any CPU
		{52D8A3FB-FE31-4529-AC0F-99DF2769207D}.Release|Any CPU.Build.0 = Release|Any CPU
	EndGlobalSection
	GlobalSection(SolutionProperties) = preSolution
		HideSolutionNode = FALSE
	EndGlobalSection
	GlobalSection(ExtensibilityGlobals) = postSolution
		SolutionGuid = {34DBFD99-FBFF-4ED3-8AD2-35D8DD6AE501}
	EndGlobalSection
EndGlobal
